
Microsoft Visual Studio Solution File, Format Version 12.00
# Visual Studio 2012
Project("{FAE04EC0-301F-11D3-BF4B-00C04F79EFBC}") = "OpenPrFunction", "OpenPrFunction\OpenPrFunction.csproj", "{5A6476B2-18FC-4A93-8DA9-E4A667662EC5}"
EndProject
Project("{FAE04EC0-301F-11D3-BF4B-00C04F79EFBC}") = "Common", "Common\Common.csproj", "{5DE80CA7-E47E-4262-8C8E-28C2CC2607F7}"
EndProject
Project("{FAE04EC0-301F-11D3-BF4B-00C04F79EFBC}") = "Install", "Install\Install.csproj", "{84422DBF-F2CA-4FAF-AE75-914E8C7B97E5}"
EndProject
Project("{FAE04EC0-301F-11D3-BF4B-00C04F79EFBC}") = "CompressImagesFunction", "CompressImagesFunction\CompressImagesFunction.csproj", "{4DBC4C11-027B-44A6-86FC-84CB752DBB99}"
EndProject
Project("{FAE04EC0-301F-11D3-BF4B-00C04F79EFBC}") = "RouterFunction", "RouterFunction\RouterFunction.csproj", "{C7DA8CA7-8540-4698-A7C0-5537565F345B}"
EndProject
Project("{FAE04EC0-301F-11D3-BF4B-00C04F79EFBC}") = "Test", "Test\Test.csproj", "{478E346B-3F08-4D0F-8757-400E2C106B88}"
EndProject
Project("{FAE04EC0-301F-11D3-BF4B-00C04F79EFBC}") = "PrPoisonHandler", "PrPoisonHandler\PrPoisonHandler.csproj", "{2F780783-3651-4506-A8AA-D23E650F3DED}"
EndProject
Project("{FAE04EC0-301F-11D3-BF4B-00C04F79EFBC}") = "WebHook", "WebHook\WebHook.csproj", "{87E56493-AEB9-4257-90C0-FB7CE65C2816}"
EndProject
Project("{FAE04EC0-301F-11D3-BF4B-00C04F79EFBC}") = "Auth", "Auth\Auth.csproj", "{9A4BAC64-E0FB-4EA4-B1E3-38143E847127}"
EndProject
Project("{FAE04EC0-301F-11D3-BF4B-00C04F79EFBC}") = "MarketplaceSyncFunction", "MarketplaceSyncFunction\MarketplaceSyncFunction.csproj", "{31FB826F-41D7-4D06-B0DB-99F5DF3519DF}"
EndProject
Project("{FAE04EC0-301F-11D3-BF4B-00C04F79EFBC}") = "DeleteBranchFunction", "DeleteBranchFunction\DeleteBranchFunction.csproj", "{B2E354C4-067D-40E9-A957-92FFFEB2E856}"
EndProject
Global
	GlobalSection(SolutionConfigurationPlatforms) = preSolution
		Debug|Any CPU = Debug|Any CPU
		Release|Any CPU = Release|Any CPU
	EndGlobalSection
	GlobalSection(ProjectConfigurationPlatforms) = postSolution
		{5A6476B2-18FC-4A93-8DA9-E4A667662EC5}.Debug|Any CPU.ActiveCfg = Debug|Any CPU
		{5A6476B2-18FC-4A93-8DA9-E4A667662EC5}.Debug|Any CPU.Build.0 = Debug|Any CPU
		{5A6476B2-18FC-4A93-8DA9-E4A667662EC5}.Release|Any CPU.ActiveCfg = Release|Any CPU
		{5A6476B2-18FC-4A93-8DA9-E4A667662EC5}.Release|Any CPU.Build.0 = Release|Any CPU
		{5DE80CA7-E47E-4262-8C8E-28C2CC2607F7}.Debug|Any CPU.ActiveCfg = Debug|Any CPU
		{5DE80CA7-E47E-4262-8C8E-28C2CC2607F7}.Debug|Any CPU.Build.0 = Debug|Any CPU
		{5DE80CA7-E47E-4262-8C8E-28C2CC2607F7}.Release|Any CPU.ActiveCfg = Release|Any CPU
		{5DE80CA7-E47E-4262-8C8E-28C2CC2607F7}.Release|Any CPU.Build.0 = Release|Any CPU
		{84422DBF-F2CA-4FAF-AE75-914E8C7B97E5}.Debug|Any CPU.ActiveCfg = Debug|Any CPU
		{84422DBF-F2CA-4FAF-AE75-914E8C7B97E5}.Debug|Any CPU.Build.0 = Debug|Any CPU
		{84422DBF-F2CA-4FAF-AE75-914E8C7B97E5}.Release|Any CPU.ActiveCfg = Release|Any CPU
		{84422DBF-F2CA-4FAF-AE75-914E8C7B97E5}.Release|Any CPU.Build.0 = Release|Any CPU
		{4DBC4C11-027B-44A6-86FC-84CB752DBB99}.Debug|Any CPU.ActiveCfg = Debug|Any CPU
		{4DBC4C11-027B-44A6-86FC-84CB752DBB99}.Debug|Any CPU.Build.0 = Debug|Any CPU
		{4DBC4C11-027B-44A6-86FC-84CB752DBB99}.Release|Any CPU.ActiveCfg = Release|Any CPU
		{4DBC4C11-027B-44A6-86FC-84CB752DBB99}.Release|Any CPU.Build.0 = Release|Any CPU
		{C7DA8CA7-8540-4698-A7C0-5537565F345B}.Debug|Any CPU.ActiveCfg = Debug|Any CPU
		{C7DA8CA7-8540-4698-A7C0-5537565F345B}.Debug|Any CPU.Build.0 = Debug|Any CPU
		{C7DA8CA7-8540-4698-A7C0-5537565F345B}.Release|Any CPU.ActiveCfg = Release|Any CPU
		{C7DA8CA7-8540-4698-A7C0-5537565F345B}.Release|Any CPU.Build.0 = Release|Any CPU
		{478E346B-3F08-4D0F-8757-400E2C106B88}.Debug|Any CPU.ActiveCfg = Debug|Any CPU
		{478E346B-3F08-4D0F-8757-400E2C106B88}.Debug|Any CPU.Build.0 = Debug|Any CPU
		{478E346B-3F08-4D0F-8757-400E2C106B88}.Release|Any CPU.ActiveCfg = Release|Any CPU
		{478E346B-3F08-4D0F-8757-400E2C106B88}.Release|Any CPU.Build.0 = Release|Any CPU
		{2F780783-3651-4506-A8AA-D23E650F3DED}.Debug|Any CPU.ActiveCfg = Debug|Any CPU
		{2F780783-3651-4506-A8AA-D23E650F3DED}.Debug|Any CPU.Build.0 = Debug|Any CPU
		{2F780783-3651-4506-A8AA-D23E650F3DED}.Release|Any CPU.ActiveCfg = Release|Any CPU
		{2F780783-3651-4506-A8AA-D23E650F3DED}.Release|Any CPU.Build.0 = Release|Any CPU
		{87E56493-AEB9-4257-90C0-FB7CE65C2816}.Debug|Any CPU.ActiveCfg = Debug|Any CPU
		{87E56493-AEB9-4257-90C0-FB7CE65C2816}.Debug|Any CPU.Build.0 = Debug|Any CPU
		{87E56493-AEB9-4257-90C0-FB7CE65C2816}.Release|Any CPU.ActiveCfg = Release|Any CPU
		{87E56493-AEB9-4257-90C0-FB7CE65C2816}.Release|Any CPU.Build.0 = Release|Any CPU
		{9A4BAC64-E0FB-4EA4-B1E3-38143E847127}.Debug|Any CPU.ActiveCfg = Debug|Any CPU
		{9A4BAC64-E0FB-4EA4-B1E3-38143E847127}.Debug|Any CPU.Build.0 = Debug|Any CPU
		{9A4BAC64-E0FB-4EA4-B1E3-38143E847127}.Release|Any CPU.ActiveCfg = Release|Any CPU
		{9A4BAC64-E0FB-4EA4-B1E3-38143E847127}.Release|Any CPU.Build.0 = Release|Any CPU
		{31FB826F-41D7-4D06-B0DB-99F5DF3519DF}.Debug|Any CPU.ActiveCfg = Debug|Any CPU
		{31FB826F-41D7-4D06-B0DB-99F5DF3519DF}.Debug|Any CPU.Build.0 = Debug|Any CPU
		{31FB826F-41D7-4D06-B0DB-99F5DF3519DF}.Release|Any CPU.ActiveCfg = Release|Any CPU
		{31FB826F-41D7-4D06-B0DB-99F5DF3519DF}.Release|Any CPU.Build.0 = Release|Any CPU
		{B2E354C4-067D-40E9-A957-92FFFEB2E856}.Debug|Any CPU.ActiveCfg = Debug|Any CPU
		{B2E354C4-067D-40E9-A957-92FFFEB2E856}.Debug|Any CPU.Build.0 = Debug|Any CPU
		{B2E354C4-067D-40E9-A957-92FFFEB2E856}.Release|Any CPU.ActiveCfg = Release|Any CPU
		{B2E354C4-067D-40E9-A957-92FFFEB2E856}.Release|Any CPU.Build.0 = Release|Any CPU
	EndGlobalSection
EndGlobal
