
Microsoft Visual Studio Solution File, Format Version 12.00
# Visual Studio 15
VisualStudioVersion = 15.0.26621.2
MinimumVisualStudioVersion = 10.0.40219.1
Project("{FAE04EC0-301F-11D3-BF4B-00C04F79EFBC}") = "ImgBot.Function", "ImgBot.Function\ImgBot.Function.csproj", "{EFAA486B-C1E6-408A-BF32-D288BF198706}"
EndProject
Project("{FAE04EC0-301F-11D3-BF4B-00C04F79EFBC}") = "ImgBot.Web", "ImgBot.Web\ImgBot.Web.csproj", "{42A58CB9-5507-440D-8807-56C74299E329}"
EndProject
Global
	GlobalSection(SolutionConfigurationPlatforms) = preSolution
		Debug|Any CPU = Debug|Any CPU
		Release|Any CPU = Release|Any CPU
	EndGlobalSection
	GlobalSection(ProjectConfigurationPlatforms) = postSolution
		{EFAA486B-C1E6-408A-BF32-D288BF198706}.Debug|Any CPU.ActiveCfg = Debug|Any CPU
		{EFAA486B-C1E6-408A-BF32-D288BF198706}.Debug|Any CPU.Build.0 = Debug|Any CPU
		{EFAA486B-C1E6-408A-BF32-D288BF198706}.Release|Any CPU.ActiveCfg = Release|Any CPU
		{EFAA486B-C1E6-408A-BF32-D288BF198706}.Release|Any CPU.Build.0 = Release|Any CPU
		{42A58CB9-5507-440D-8807-56C74299E329}.Debug|Any CPU.ActiveCfg = Debug|Any CPU
		{42A58CB9-5507-440D-8807-56C74299E329}.Debug|Any CPU.Build.0 = Debug|Any CPU
		{42A58CB9-5507-440D-8807-56C74299E329}.Release|Any CPU.ActiveCfg = Release|Any CPU
		{42A58CB9-5507-440D-8807-56C74299E329}.Release|Any CPU.Build.0 = Release|Any CPU
	EndGlobalSection
	GlobalSection(SolutionProperties) = preSolution
		HideSolutionNode = FALSE
	EndGlobalSection
	GlobalSection(ExtensibilityGlobals) = postSolution
		SolutionGuid = {A0C869CD-51C0-45F4-B1CB-E0B63E4F6F0B}
	EndGlobalSection
EndGlobal
